
Microsoft Visual Studio Solution File, Format Version 12.00
# Visual Studio 14
VisualStudioVersion = 14.0.25420.1
MinimumVisualStudioVersion = 10.0.40219.1
Project("{FAE04EC0-301F-11D3-BF4B-00C04F79EFBC}") = "TrafficPolice.Core", "TrafficPolice.Core\TrafficPolice.Core.csproj", "{D74DBC14-0756-48DE-BC4C-66FBBC466F5B}"
	ProjectSection(ProjectDependencies) = postProject
		{0A09BCD2-5B1A-4820-B2C5-1B496958D87C} = {0A09BCD2-5B1A-4820-B2C5-1B496958D87C}
	EndProjectSection
EndProject
Project("{FAE04EC0-301F-11D3-BF4B-00C04F79EFBC}") = "TrafficPolice.UI.WP", "TrafficPolice.UI.WP\TrafficPolice.UI.WP.csproj", "{0238F247-E372-41CF-A70E-AB7FBDAC80EC}"
EndProject
Project("{FAE04EC0-301F-11D3-BF4B-00C04F79EFBC}") = "WCFRestMobile", "WCFRestMobile\WCFRestMobile.csproj", "{0A09BCD2-5B1A-4820-B2C5-1B496958D87C}"
EndProject
Project("{FAE04EC0-301F-11D3-BF4B-00C04F79EFBC}") = "TrafficPolice.UI.Droid", "TrafficPolice.UI.Droid\TrafficPolice.UI.Droid.csproj", "{682525A7-0BE4-43FF-A2EF-02ECB7E3EB9B}"
EndProject
Global
	GlobalSection(SolutionConfigurationPlatforms) = preSolution
		Debug|Any CPU = Debug|Any CPU
		Debug|ARM = Debug|ARM
		Debug|x86 = Debug|x86
		Release|Any CPU = Release|Any CPU
		Release|ARM = Release|ARM
		Release|x86 = Release|x86
	EndGlobalSection
	GlobalSection(ProjectConfigurationPlatforms) = postSolution
		{D74DBC14-0756-48DE-BC4C-66FBBC466F5B}.Debug|Any CPU.ActiveCfg = Debug|Any CPU
		{D74DBC14-0756-48DE-BC4C-66FBBC466F5B}.Debug|Any CPU.Build.0 = Debug|Any CPU
		{D74DBC14-0756-48DE-BC4C-66FBBC466F5B}.Debug|ARM.ActiveCfg = Debug|Any CPU
		{D74DBC14-0756-48DE-BC4C-66FBBC466F5B}.Debug|ARM.Build.0 = Debug|Any CPU
		{D74DBC14-0756-48DE-BC4C-66FBBC466F5B}.Debug|x86.ActiveCfg = Debug|Any CPU
		{D74DBC14-0756-48DE-BC4C-66FBBC466F5B}.Debug|x86.Build.0 = Debug|Any CPU
		{D74DBC14-0756-48DE-BC4C-66FBBC466F5B}.Release|Any CPU.ActiveCfg = Release|Any CPU
		{D74DBC14-0756-48DE-BC4C-66FBBC466F5B}.Release|Any CPU.Build.0 = Release|Any CPU
		{D74DBC14-0756-48DE-BC4C-66FBBC466F5B}.Release|ARM.ActiveCfg = Release|Any CPU
		{D74DBC14-0756-48DE-BC4C-66FBBC466F5B}.Release|ARM.Build.0 = Release|Any CPU
		{D74DBC14-0756-48DE-BC4C-66FBBC466F5B}.Release|x86.ActiveCfg = Release|Any CPU
		{D74DBC14-0756-48DE-BC4C-66FBBC466F5B}.Release|x86.Build.0 = Release|Any CPU
		{0238F247-E372-41CF-A70E-AB7FBDAC80EC}.Debug|Any CPU.ActiveCfg = Debug|Any CPU
		{0238F247-E372-41CF-A70E-AB7FBDAC80EC}.Debug|Any CPU.Build.0 = Debug|Any CPU
		{0238F247-E372-41CF-A70E-AB7FBDAC80EC}.Debug|Any CPU.Deploy.0 = Debug|Any CPU
		{0238F247-E372-41CF-A70E-AB7FBDAC80EC}.Debug|ARM.ActiveCfg = Debug|ARM
		{0238F247-E372-41CF-A70E-AB7FBDAC80EC}.Debug|ARM.Build.0 = Debug|ARM
		{0238F247-E372-41CF-A70E-AB7FBDAC80EC}.Debug|ARM.Deploy.0 = Debug|ARM
		{0238F247-E372-41CF-A70E-AB7FBDAC80EC}.Debug|x86.ActiveCfg = Debug|x86
		{0238F247-E372-41CF-A70E-AB7FBDAC80EC}.Debug|x86.Build.0 = Debug|x86
		{0238F247-E372-41CF-A70E-AB7FBDAC80EC}.Debug|x86.Deploy.0 = Debug|x86
		{0238F247-E372-41CF-A70E-AB7FBDAC80EC}.Release|Any CPU.ActiveCfg = Release|Any CPU
		{0238F247-E372-41CF-A70E-AB7FBDAC80EC}.Release|Any CPU.Build.0 = Release|Any CPU
		{0238F247-E372-41CF-A70E-AB7FBDAC80EC}.Release|Any CPU.Deploy.0 = Release|Any CPU
		{0238F247-E372-41CF-A70E-AB7FBDAC80EC}.Release|ARM.ActiveCfg = Release|ARM
		{0238F247-E372-41CF-A70E-AB7FBDAC80EC}.Release|ARM.Build.0 = Release|ARM
		{0238F247-E372-41CF-A70E-AB7FBDAC80EC}.Release|ARM.Deploy.0 = Release|ARM
		{0238F247-E372-41CF-A70E-AB7FBDAC80EC}.Release|x86.ActiveCfg = Release|x86
		{0238F247-E372-41CF-A70E-AB7FBDAC80EC}.Release|x86.Build.0 = Release|x86
		{0238F247-E372-41CF-A70E-AB7FBDAC80EC}.Release|x86.Deploy.0 = Release|x86
		{0A09BCD2-5B1A-4820-B2C5-1B496958D87C}.Debug|Any CPU.ActiveCfg = Debug|Any CPU
		{0A09BCD2-5B1A-4820-B2C5-1B496958D87C}.Debug|Any CPU.Build.0 = Debug|Any CPU
		{0A09BCD2-5B1A-4820-B2C5-1B496958D87C}.Debug|ARM.ActiveCfg = Debug|Any CPU
		{0A09BCD2-5B1A-4820-B2C5-1B496958D87C}.Debug|ARM.Build.0 = Debug|Any CPU
		{0A09BCD2-5B1A-4820-B2C5-1B496958D87C}.Debug|x86.ActiveCfg = Debug|Any CPU
		{0A09BCD2-5B1A-4820-B2C5-1B496958D87C}.Debug|x86.Build.0 = Debug|Any CPU
		{0A09BCD2-5B1A-4820-B2C5-1B496958D87C}.Release|Any CPU.ActiveCfg = Release|Any CPU
		{0A09BCD2-5B1A-4820-B2C5-1B496958D87C}.Release|Any CPU.Build.0 = Release|Any CPU
		{0A09BCD2-5B1A-4820-B2C5-1B496958D87C}.Release|ARM.ActiveCfg = Release|Any CPU
		{0A09BCD2-5B1A-4820-B2C5-1B496958D87C}.Release|ARM.Build.0 = Release|Any CPU
		{0A09BCD2-5B1A-4820-B2C5-1B496958D87C}.Release|x86.ActiveCfg = Release|Any CPU
		{0A09BCD2-5B1A-4820-B2C5-1B496958D87C}.Release|x86.Build.0 = Release|Any CPU
		{682525A7-0BE4-43FF-A2EF-02ECB7E3EB9B}.Debug|Any CPU.ActiveCfg = Debug|Any CPU
		{682525A7-0BE4-43FF-A2EF-02ECB7E3EB9B}.Debug|Any CPU.Build.0 = Debug|Any CPU
		{682525A7-0BE4-43FF-A2EF-02ECB7E3EB9B}.Debug|Any CPU.Deploy.0 = Debug|Any CPU
		{682525A7-0BE4-43FF-A2EF-02ECB7E3EB9B}.Debug|ARM.ActiveCfg = Debug|Any CPU
		{682525A7-0BE4-43FF-A2EF-02ECB7E3EB9B}.Debug|ARM.Build.0 = Debug|Any CPU
		{682525A7-0BE4-43FF-A2EF-02ECB7E3EB9B}.Debug|ARM.Deploy.0 = Debug|Any CPU
		{682525A7-0BE4-43FF-A2EF-02ECB7E3EB9B}.Debug|x86.ActiveCfg = Debug|Any CPU
		{682525A7-0BE4-43FF-A2EF-02ECB7E3EB9B}.Debug|x86.Build.0 = Debug|Any CPU
		{682525A7-0BE4-43FF-A2EF-02ECB7E3EB9B}.Debug|x86.Deploy.0 = Debug|Any CPU
		{682525A7-0BE4-43FF-A2EF-02ECB7E3EB9B}.Release|Any CPU.ActiveCfg = Release|Any CPU
		{682525A7-0BE4-43FF-A2EF-02ECB7E3EB9B}.Release|Any CPU.Build.0 = Release|Any CPU
		{682525A7-0BE4-43FF-A2EF-02ECB7E3EB9B}.Release|Any CPU.Deploy.0 = Release|Any CPU
		{682525A7-0BE4-43FF-A2EF-02ECB7E3EB9B}.Release|ARM.ActiveCfg = Release|Any CPU
		{682525A7-0BE4-43FF-A2EF-02ECB7E3EB9B}.Release|ARM.Build.0 = Release|Any CPU
		{682525A7-0BE4-43FF-A2EF-02ECB7E3EB9B}.Release|ARM.Deploy.0 = Release|Any CPU
		{682525A7-0BE4-43FF-A2EF-02ECB7E3EB9B}.Release|x86.ActiveCfg = Release|Any CPU
		{682525A7-0BE4-43FF-A2EF-02ECB7E3EB9B}.Release|x86.Build.0 = Release|Any CPU
		{682525A7-0BE4-43FF-A2EF-02ECB7E3EB9B}.Release|x86.Deploy.0 = Release|Any CPU
	EndGlobalSection
	GlobalSection(SolutionProperties) = preSolution
		HideSolutionNode = FALSE
	EndGlobalSection
EndGlobal
